
Microsoft Visual Studio Solution File, Format Version 12.00
# Visual Studio Version 16
VisualStudioVersion = 16.0.31205.134
MinimumVisualStudioVersion = 10.0.40219.1
Project("{FAE04EC0-301F-11D3-BF4B-00C04F79EFBC}") = "PortalPasazeraTest", "PortalPasazeraTest\PortalPasazeraTest.csproj", "{8264AC2A-0254-4D5D-A212-0B5A0181E27E}"
EndProject
Global
	GlobalSection(SolutionConfigurationPlatforms) = preSolution
		Debug|Any CPU = Debug|Any CPU
		Release|Any CPU = Release|Any CPU
	EndGlobalSection
	GlobalSection(ProjectConfigurationPlatforms) = postSolution
		{8264AC2A-0254-4D5D-A212-0B5A0181E27E}.Debug|Any CPU.ActiveCfg = Debug|Any CPU
		{8264AC2A-0254-4D5D-A212-0B5A0181E27E}.Debug|Any CPU.Build.0 = Debug|Any CPU
		{8264AC2A-0254-4D5D-A212-0B5A0181E27E}.Release|Any CPU.ActiveCfg = Release|Any CPU
		{8264AC2A-0254-4D5D-A212-0B5A0181E27E}.Release|Any CPU.Build.0 = Release|Any CPU
	EndGlobalSection
	GlobalSection(SolutionProperties) = preSolution
		HideSolutionNode = FALSE
	EndGlobalSection
	GlobalSection(ExtensibilityGlobals) = postSolution
		SolutionGuid = {766F6E3C-FDEB-4E21-8CF8-5554B34C6576}
	EndGlobalSection
EndGlobal
